
Microsoft Visual Studio Solution File, Format Version 12.00
Project("{FAE04EC0-301F-11D3-BF4B-00C04F79EFBC}") = "WebAPI.Example", "WebAPI.Example\WebAPI.Example.csproj", "{2C28E76F-5445-420F-8AAB-7ABC45F18625}"
EndProject
Global
	GlobalSection(SolutionConfigurationPlatforms) = preSolution
		Debug|Any CPU = Debug|Any CPU
		Release|Any CPU = Release|Any CPU
	EndGlobalSection
	GlobalSection(ProjectConfigurationPlatforms) = postSolution
		{2C28E76F-5445-420F-8AAB-7ABC45F18625}.Debug|Any CPU.ActiveCfg = Debug|Any CPU
		{2C28E76F-5445-420F-8AAB-7ABC45F18625}.Debug|Any CPU.Build.0 = Debug|Any CPU
		{2C28E76F-5445-420F-8AAB-7ABC45F18625}.Release|Any CPU.ActiveCfg = Release|Any CPU
		{2C28E76F-5445-420F-8AAB-7ABC45F18625}.Release|Any CPU.Build.0 = Release|Any CPU
	EndGlobalSection
EndGlobal
